PODS:
  - AFNetworking (1.3.4)
  - AutoLayoutMacros (1.0)
  - CocoaLumberjack (1.9.2):
    - CocoaLumberjack/Extensions (= 1.9.2)
  - CocoaLumberjack/Core (1.9.2)
  - CocoaLumberjack/Extensions (1.9.2):
    - CocoaLumberjack/Core
  - FontAwesomeIconFactory (1.4)
  - INAppStoreWindow (1.4)
  - Kiwi (2.3.1)
  - LetsMove (1.18)
  - MASPreferences (1.1.2)
  - MASShortcut (1.3.1)
  - NSURL+Gravatar (1.0.1)
  - OCHamcrest (4.1.1)
  - Sparkle (1.8.0)
  - ZXingObjC (3.0.4):
    - ZXingObjC/All (= 3.0.4)
  - ZXingObjC/All (3.0.4)

DEPENDENCIES:
  - AFNetworking (~> 1.3.2)
  - AutoLayoutMacros
  - CocoaLumberjack
  - FontAwesomeIconFactory
  - INAppStoreWindow
  - Kiwi
  - LetsMove
  - MASPreferences
  - MASShortcut
  - NSURL+Gravatar
  - OCHamcrest
  - Sparkle
  - ZXingObjC

SPEC CHECKSUMS:
  AFNetworking: cf8e418e16f0c9c7e5c3150d019a3c679d015018
  AutoLayoutMacros: e58619696a6d0c633081cd66edf52f57ceff1ccd
  CocoaLumberjack: 628fca2e88ef06f7cf6817309aa405f325d9a6fa
  FontAwesomeIconFactory: 4b6d0a8d90b2604a2518e34d15bbc100af99f11c
  INAppStoreWindow: 4fd569f7435557239e78316de139e886ccbaec4d
  Kiwi: f038a6c61f7a9e4d7766bff5717aa3b3fdb75f55
  LetsMove: 218a0ce5c6cc1581c06efb8777f7f44dfadc4b73
  MASPreferences: 32d8a2c5ef1d60b63240f5676b011ff72e194cb1
  MASShortcut: 65f5fac12bbdd3622abcb8175a633f68f553c60f
  NSURL+Gravatar: a1344ed953aa05b0d929462cd73f4ee240d5a1d8
  OCHamcrest: 6f03ffa81d12feab872638490a44ab0a6d3aca10
  Sparkle: 3adb45d38bcdf80caf505f2b4cd693031db70835
  ZXingObjC: ae99f1ef6d791ebe4a508f1bec20b2d7a20288c5

COCOAPODS: 0.36.0
