PODS:
  - AFNetworking (1.3.3)
  - AutoLayoutMacros (1.0)
  - CocoaLumberjack (1.7.0):
    - CocoaLumberjack/Core
    - CocoaLumberjack/Extensions
  - CocoaLumberjack/Core (1.7.0)
  - CocoaLumberjack/Extensions (1.7.0):
    - CocoaLumberjack/Core
  - FontAwesomeIconFactory (1.3)
  - INAppStoreWindow (1.3)
  - Kiwi/ARC (2.2.3)
  - Kiwi/NonARC (2.2.3)
  - Kiwi/XCTest (2.2.3):
    - Kiwi/ARC
    - Kiwi/NonARC
  - LetsMove (1.9)
  - MASPreferences (1.1)
  - MASShortcut (1.2.3)
  - OCHamcrest (3.0.1)
  - Sparkle-pornel (1.6.1)
  - ZXingObjC (2.2.3)

DEPENDENCIES:
  - AFNetworking (~> 1.3.2)
  - AutoLayoutMacros
  - CocoaLumberjack
  - FontAwesomeIconFactory
  - INAppStoreWindow
  - Kiwi/XCTest
  - LetsMove
  - MASPreferences
  - MASShortcut
  - OCHamcrest (~> 3.0)
  - Sparkle-pornel
  - ZXingObjC

SPEC CHECKSUMS:
  AFNetworking: 61fdd49e2ffe6380378df37b3b6e70630bb9dd66
  AutoLayoutMacros: abdc5ab32081d1ea2a984426fe6fa595213d7e5b
  CocoaLumberjack: be87113f649942f020a37c061c58009b6ee5ff68
  FontAwesomeIconFactory: eb4101e952987a817b1f37b73f45cd59acb1a0bb
  INAppStoreWindow: 265a8810a450c7d3279fc9f9686bbd563bb78dc5
  Kiwi: 04c51e880831d291748ec702d42c4101f7eb95c9
  LetsMove: 104879e23f804eb02d740c9883f58b848f34eff0
  MASPreferences: 2c2f30b38c3dfceb0d3b29132a13417706a5adac
  MASShortcut: 6abaedac53a0542f4856f35be4f1f970b652a51e
  OCHamcrest: 782c52ae8c673e5d6060a65005cfd26d20d519ba
  Sparkle-pornel: b624b1aeac3584136396faaaee3e3f74a4d0c0e8
  ZXingObjC: 352024760388de6b6241d34844fac59f2a1a6c68

COCOAPODS: 0.32.1
